
Microsoft Visual Studio Solution File, Format Version 12.00
# Visual Studio 15
Project("{FAE04EC0-301F-11D3-BF4B-00C04F79EFBC}") = "VuforiaScripts", "VuforiaScripts.csproj", "{22F43FC1-FD0A-0035-C758-89195025DA01}"
EndProject
Project("{FAE04EC0-301F-11D3-BF4B-00C04F79EFBC}") = "Assembly-CSharp", "Assembly-CSharp.csproj", "{FDEF7166-8555-CFC0-8D70-5F2FFB6B3F92}"
EndProject
Project("{FAE04EC0-301F-11D3-BF4B-00C04F79EFBC}") = "VuforiaPackageTests", "VuforiaPackageTests.csproj", "{39436C1B-E085-7B30-8EC0-BB585BB46660}"
EndProject
Project("{FAE04EC0-301F-11D3-BF4B-00C04F79EFBC}") = "Assembly-CSharp-Editor", "Assembly-CSharp-Editor.csproj", "{C59B483A-3BDC-1F2A-4B3E-16E8E593DCCA}"
EndProject
Project("{FAE04EC0-301F-11D3-BF4B-00C04F79EFBC}") = "VuforiaEditorScripts", "VuforiaEditorScripts.csproj", "{ADF917B6-EEC7-9FFD-E370-D6C81C58367A}"
EndProject
Project("{FAE04EC0-301F-11D3-BF4B-00C04F79EFBC}") = "EditorMigrationScripts", "EditorMigrationScripts.csproj", "{1A832A25-1EBE-C9B7-FDA7-E70390CB6C4F}"
EndProject
Global
	GlobalSection(SolutionConfigurationPlatforms) = preSolution
		Debug|Any CPU = Debug|Any CPU
		Release|Any CPU = Release|Any CPU
	EndGlobalSection
	GlobalSection(ProjectConfigurationPlatforms) = postSolution
		{22F43FC1-FD0A-0035-C758-89195025DA01}.Debug|Any CPU.ActiveCfg = Debug|Any CPU
		{22F43FC1-FD0A-0035-C758-89195025DA01}.Debug|Any CPU.Build.0 = Debug|Any CPU
		{22F43FC1-FD0A-0035-C758-89195025DA01}.Release|Any CPU.ActiveCfg = Release|Any CPU
		{22F43FC1-FD0A-0035-C758-89195025DA01}.Release|Any CPU.Build.0 = Release|Any CPU
		{FDEF7166-8555-CFC0-8D70-5F2FFB6B3F92}.Debug|Any CPU.ActiveCfg = Debug|Any CPU
		{FDEF7166-8555-CFC0-8D70-5F2FFB6B3F92}.Debug|Any CPU.Build.0 = Debug|Any CPU
		{FDEF7166-8555-CFC0-8D70-5F2FFB6B3F92}.Release|Any CPU.ActiveCfg = Release|Any CPU
		{FDEF7166-8555-CFC0-8D70-5F2FFB6B3F92}.Release|Any CPU.Build.0 = Release|Any CPU
		{39436C1B-E085-7B30-8EC0-BB585BB46660}.Debug|Any CPU.ActiveCfg = Debug|Any CPU
		{39436C1B-E085-7B30-8EC0-BB585BB46660}.Debug|Any CPU.Build.0 = Debug|Any CPU
		{39436C1B-E085-7B30-8EC0-BB585BB46660}.Release|Any CPU.ActiveCfg = Release|Any CPU
		{39436C1B-E085-7B30-8EC0-BB585BB46660}.Release|Any CPU.Build.0 = Release|Any CPU
		{C59B483A-3BDC-1F2A-4B3E-16E8E593DCCA}.Debug|Any CPU.ActiveCfg = Debug|Any CPU
		{C59B483A-3BDC-1F2A-4B3E-16E8E593DCCA}.Debug|Any CPU.Build.0 = Debug|Any CPU
		{C59B483A-3BDC-1F2A-4B3E-16E8E593DCCA}.Release|Any CPU.ActiveCfg = Release|Any CPU
		{C59B483A-3BDC-1F2A-4B3E-16E8E593DCCA}.Release|Any CPU.Build.0 = Release|Any CPU
		{ADF917B6-EEC7-9FFD-E370-D6C81C58367A}.Debug|Any CPU.ActiveCfg = Debug|Any CPU
		{ADF917B6-EEC7-9FFD-E370-D6C81C58367A}.Debug|Any CPU.Build.0 = Debug|Any CPU
		{ADF917B6-EEC7-9FFD-E370-D6C81C58367A}.Release|Any CPU.ActiveCfg = Release|Any CPU
		{ADF917B6-EEC7-9FFD-E370-D6C81C58367A}.Release|Any CPU.Build.0 = Release|Any CPU
		{1A832A25-1EBE-C9B7-FDA7-E70390CB6C4F}.Debug|Any CPU.ActiveCfg = Debug|Any CPU
		{1A832A25-1EBE-C9B7-FDA7-E70390CB6C4F}.Debug|Any CPU.Build.0 = Debug|Any CPU
		{1A832A25-1EBE-C9B7-FDA7-E70390CB6C4F}.Release|Any CPU.ActiveCfg = Release|Any CPU
		{1A832A25-1EBE-C9B7-FDA7-E70390CB6C4F}.Release|Any CPU.Build.0 = Release|Any CPU
	EndGlobalSection
	GlobalSection(SolutionProperties) = preSolution
		HideSolutionNode = FALSE
	EndGlobalSection
EndGlobal
